// !$*UTF8*$!
{
	archiveVersion = 1;
	classes = {
	};
	objectVersion = 55;
	objects = {

/* Begin PBXBuildFile section */
		D402568D28709F0900D59D64 /* MovieCollectionCell.swift in Sources */ = {isa = PBXBuildFile; fileRef = D402568B28709F0900D59D64 /* MovieCollectionCell.swift */; };
		D402568E28709F0900D59D64 /* MovieCollectionCell.xib in Resources */ = {isa = PBXBuildFile; fileRef = D402568C28709F0900D59D64 /* MovieCollectionCell.xib */; };
		D43B1D35287356BD00FF5D4E /* DetailVC.swift in Sources */ = {isa = PBXBuildFile; fileRef = D43B1D34287356BD00FF5D4E /* DetailVC.swift */; };
		D43B1D37287356F600FF5D4E /* Detail.storyboard in Resources */ = {isa = PBXBuildFile; fileRef = D43B1D36287356F600FF5D4E /* Detail.storyboard */; };
		D43B1D392873570800FF5D4E /* DetailVM.swift in Sources */ = {isa = PBXBuildFile; fileRef = D43B1D382873570800FF5D4E /* DetailVM.swift */; };
		D47DD18B287B331800B0A5FE /* AllFilmsVC.swift in Sources */ = {isa = PBXBuildFile; fileRef = D47DD18A287B331800B0A5FE /* AllFilmsVC.swift */; };
		D47DD18D287B332B00B0A5FE /* AllFilmsVM.swift in Sources */ = {isa = PBXBuildFile; fileRef = D47DD18C287B332B00B0A5FE /* AllFilmsVM.swift */; };
		D47DD18F287B333B00B0A5FE /* AllFilms.storyboard in Resources */ = {isa = PBXBuildFile; fileRef = D47DD18E287B333B00B0A5FE /* AllFilms.storyboard */; };
		D47DD193287B3EA400B0A5FE /* AllFilmsCell.swift in Sources */ = {isa = PBXBuildFile; fileRef = D47DD191287B3EA400B0A5FE /* AllFilmsCell.swift */; };
		D47DD194287B3EA400B0A5FE /* AllFilmsCell.xib in Resources */ = {isa = PBXBuildFile; fileRef = D47DD192287B3EA400B0A5FE /* AllFilmsCell.xib */; };
		D4B075AA28804E1C007542E1 /* SwiftSpinner.swift in Sources */ = {isa = PBXBuildFile; fileRef = D4B075A928804E1C007542E1 /* SwiftSpinner.swift */; };
		D4D5828328837250005CE96A /* UIImageView+Extension.swift in Sources */ = {isa = PBXBuildFile; fileRef = D4D5828228837250005CE96A /* UIImageView+Extension.swift */; };
		D4F077CE286DA1630071AD1F /* AppDelegate.swift in Sources */ = {isa = PBXBuildFile; fileRef = D4F077CD286DA1630071AD1F /* AppDelegate.swift */; };
		D4F077D0286DA1630071AD1F /* SceneDelegate.swift in Sources */ = {isa = PBXBuildFile; fileRef = D4F077CF286DA1630071AD1F /* SceneDelegate.swift */; };
		D4F077D2286DA1630071AD1F /* Main.swift in Sources */ = {isa = PBXBuildFile; fileRef = D4F077D1286DA1630071AD1F /* Main.swift */; };
		D4F077D5286DA1630071AD1F /* Main.storyboard in Resources */ = {isa = PBXBuildFile; fileRef = D4F077D3286DA1630071AD1F /* Main.storyboard */; };
		D4F077D7286DA1640071AD1F /* Assets.xcassets in Resources */ = {isa = PBXBuildFile; fileRef = D4F077D6286DA1640071AD1F /* Assets.xcassets */; };
		D4F077DA286DA1640071AD1F /* LaunchScreen.storyboard in Resources */ = {isa = PBXBuildFile; fileRef = D4F077D8286DA1640071AD1F /* LaunchScreen.storyboard */; };
		D4F077EB286DA6DB0071AD1F /* MainVM.swift in Sources */ = {isa = PBXBuildFile; fileRef = D4F077EA286DA6DB0071AD1F /* MainVM.swift */; };
		D4F077EE286DAB420071AD1F /* API.swift in Sources */ = {isa = PBXBuildFile; fileRef = D4F077ED286DAB420071AD1F /* API.swift */; };
		D4F077F2286DAB590071AD1F /* NetworkManager.swift in Sources */ = {isa = PBXBuildFile; fileRef = D4F077F1286DAB590071AD1F /* NetworkManager.swift */; };
		D4F077F4286DC69A0071AD1F /* Router.swift in Sources */ = {isa = PBXBuildFile; fileRef = D4F077F3286DC69A0071AD1F /* Router.swift */; };
		D4F077F6286DC7730071AD1F /* StoryboardExtension.swift in Sources */ = {isa = PBXBuildFile; fileRef = D4F077F5286DC7730071AD1F /* StoryboardExtension.swift */; };
		D4F077FC286DFA3A0071AD1F /* MovieCell.swift in Sources */ = {isa = PBXBuildFile; fileRef = D4F077FA286DFA3A0071AD1F /* MovieCell.swift */; };
		D4F077FD286DFA3A0071AD1F /* MovieCell.xib in Resources */ = {isa = PBXBuildFile; fileRef = D4F077FB286DFA3A0071AD1F /* MovieCell.xib */; };
		D4F077FF286E0D9C0071AD1F /* ModelMovie.swift in Sources */ = {isa = PBXBuildFile; fileRef = D4F077FE286E0D9C0071AD1F /* ModelMovie.swift */; };
		D4F07801286E0EDB0071AD1F /* MoveApi5.swift in Sources */ = {isa = PBXBuildFile; fileRef = D4F07800286E0EDB0071AD1F /* MoveApi5.swift */; };
/* End PBXBuildFile section */

/* Begin PBXFileReference section */
		D402568B28709F0900D59D64 /* MovieCollectionCell.swift */ = {isa = PBXFileReference; lastKnownFileType = sourcecode.swift; path = MovieCollectionCell.swift; sourceTree = "<group>"; };
		D402568C28709F0900D59D64 /* MovieCollectionCell.xib */ = {isa = PBXFileReference; lastKnownFileType = file.xib; path = MovieCollectionCell.xib; sourceTree = "<group>"; };
		D43B1D34287356BD00FF5D4E /* DetailVC.swift */ = {isa = PBXFileReference; lastKnownFileType = sourcecode.swift; path = DetailVC.swift; sourceTree = "<group>"; };
		D43B1D36287356F600FF5D4E /* Detail.storyboard */ = {isa = PBXFileReference; lastKnownFileType = file.storyboard; path = Detail.storyboard; sourceTree = "<group>"; };
		D43B1D382873570800FF5D4E /* DetailVM.swift */ = {isa = PBXFileReference; lastKnownFileType = sourcecode.swift; path = DetailVM.swift; sourceTree = "<group>"; };
		D47DD18A287B331800B0A5FE /* AllFilmsVC.swift */ = {isa = PBXFileReference; lastKnownFileType = sourcecode.swift; path = AllFilmsVC.swift; sourceTree = "<group>"; };
		D47DD18C287B332B00B0A5FE /* AllFilmsVM.swift */ = {isa = PBXFileReference; lastKnownFileType = sourcecode.swift; path = AllFilmsVM.swift; sourceTree = "<group>"; };
		D47DD18E287B333B00B0A5FE /* AllFilms.storyboard */ = {isa = PBXFileReference; lastKnownFileType = file.storyboard; path = AllFilms.storyboard; sourceTree = "<group>"; };
		D47DD191287B3EA400B0A5FE /* AllFilmsCell.swift */ = {isa = PBXFileReference; lastKnownFileType = sourcecode.swift; path = AllFilmsCell.swift; sourceTree = "<group>"; };
		D47DD192287B3EA400B0A5FE /* AllFilmsCell.xib */ = {isa = PBXFileReference; lastKnownFileType = file.xib; path = AllFilmsCell.xib; sourceTree = "<group>"; };
		D4B075A928804E1C007542E1 /* SwiftSpinner.swift */ = {isa = PBXFileReference; lastKnownFileType = sourcecode.swift; path = SwiftSpinner.swift; sourceTree = "<group>"; };
		D4D5828228837250005CE96A /* UIImageView+Extension.swift */ = {isa = PBXFileReference; lastKnownFileType = sourcecode.swift; path = "UIImageView+Extension.swift"; sourceTree = "<group>"; };
		D4F077CA286DA1630071AD1F /* BestMoviesApi.app */ = {isa = PBXFileReference; explicitFileType = wrapper.application; includeInIndex = 0; path = BestMoviesApi.app; sourceTree = BUILT_PRODUCTS_DIR; };
		D4F077CD286DA1630071AD1F /* AppDelegate.swift */ = {isa = PBXFileReference; lastKnownFileType = sourcecode.swift; path = AppDelegate.swift; sourceTree = "<group>"; };
		D4F077CF286DA1630071AD1F /* SceneDelegate.swift */ = {isa = PBXFileReference; lastKnownFileType = sourcecode.swift; path = SceneDelegate.swift; sourceTree = "<group>"; };
		D4F077D1286DA1630071AD1F /* Main.swift */ = {isa = PBXFileReference; lastKnownFileType = sourcecode.swift; path = Main.swift; sourceTree = "<group>"; };
		D4F077D4286DA1630071AD1F /* Base */ = {isa = PBXFileReference; lastKnownFileType = file.storyboard; name = Base; path = Base.lproj/Main.storyboard; sourceTree = "<group>"; };
		D4F077D6286DA1640071AD1F /* Assets.xcassets */ = {isa = PBXFileReference; lastKnownFileType = folder.assetcatalog; path = Assets.xcassets; sourceTree = "<group>"; };
		D4F077D9286DA1640071AD1F /* Base */ = {isa = PBXFileReference; lastKnownFileType = file.storyboard; name = Base; path = Base.lproj/LaunchScreen.storyboard; sourceTree = "<group>"; };
		D4F077DB286DA1640071AD1F /* Info.plist */ = {isa = PBXFileReference; lastKnownFileType = text.plist.xml; path = Info.plist; sourceTree = "<group>"; };
		D4F077EA286DA6DB0071AD1F /* MainVM.swift */ = {isa = PBXFileReference; lastKnownFileType = sourcecode.swift; path = MainVM.swift; sourceTree = "<group>"; };
		D4F077ED286DAB420071AD1F /* API.swift */ = {isa = PBXFileReference; lastKnownFileType = sourcecode.swift; path = API.swift; sourceTree = "<group>"; };
		D4F077F1286DAB590071AD1F /* NetworkManager.swift */ = {isa = PBXFileReference; lastKnownFileType = sourcecode.swift; path = NetworkManager.swift; sourceTree = "<group>"; };
		D4F077F3286DC69A0071AD1F /* Router.swift */ = {isa = PBXFileReference; lastKnownFileType = sourcecode.swift; path = Router.swift; sourceTree = "<group>"; };
		D4F077F5286DC7730071AD1F /* StoryboardExtension.swift */ = {isa = PBXFileReference; lastKnownFileType = sourcecode.swift; path = StoryboardExtension.swift; sourceTree = "<group>"; };
		D4F077FA286DFA3A0071AD1F /* MovieCell.swift */ = {isa = PBXFileReference; lastKnownFileType = sourcecode.swift; path = MovieCell.swift; sourceTree = "<group>"; };
		D4F077FB286DFA3A0071AD1F /* MovieCell.xib */ = {isa = PBXFileReference; lastKnownFileType = file.xib; path = MovieCell.xib; sourceTree = "<group>"; };
		D4F077FE286E0D9C0071AD1F /* ModelMovie.swift */ = {isa = PBXFileReference; lastKnownFileType = sourcecode.swift; path = ModelMovie.swift; sourceTree = "<group>"; };
		D4F07800286E0EDB0071AD1F /* MoveApi5.swift */ = {isa = PBXFileReference; lastKnownFileType = sourcecode.swift; path = MoveApi5.swift; sourceTree = "<group>"; };
/* End PBXFileReference section */

/* Begin PBXFrameworksBuildPhase section */
		D4F077C7286DA1630071AD1F /* Frameworks */ = {
			isa = PBXFrameworksBuildPhase;
			buildActionMask = 2147483647;
			files = (
			);
			runOnlyForDeploymentPostprocessing = 0;
		};
/* End PBXFrameworksBuildPhase section */

/* Begin PBXGroup section */
		D4025686287074B400D59D64 /* CollectionView */ = {
			isa = PBXGroup;
			children = (
				D402568B28709F0900D59D64 /* MovieCollectionCell.swift */,
				D402568C28709F0900D59D64 /* MovieCollectionCell.xib */,
			);
			path = CollectionView;
			sourceTree = "<group>";
		};
		D47DD189287B32D200B0A5FE /* AllFilms */ = {
			isa = PBXGroup;
			children = (
				D47DD18E287B333B00B0A5FE /* AllFilms.storyboard */,
				D47DD18A287B331800B0A5FE /* AllFilmsVC.swift */,
				D47DD18C287B332B00B0A5FE /* AllFilmsVM.swift */,
			);
			path = AllFilms;
			sourceTree = "<group>";
		};
		D47DD190287B3E5F00B0A5FE /* CellAllFilms */ = {
			isa = PBXGroup;
			children = (
				D47DD192287B3EA400B0A5FE /* AllFilmsCell.xib */,
				D47DD191287B3EA400B0A5FE /* AllFilmsCell.swift */,
			);
			path = CellAllFilms;
			sourceTree = "<group>";
		};
		D4B075A828804E0E007542E1 /* Spinner */ = {
			isa = PBXGroup;
			children = (
				D4B075A928804E1C007542E1 /* SwiftSpinner.swift */,
			);
			path = Spinner;
			sourceTree = "<group>";
		};
		D4F077C1286DA1630071AD1F = {
			isa = PBXGroup;
			children = (
				D4F077CC286DA1630071AD1F /* BestMoviesApi */,
				D4F077CB286DA1630071AD1F /* Products */,
			);
			sourceTree = "<group>";
		};
		D4F077CB286DA1630071AD1F /* Products */ = {
			isa = PBXGroup;
			children = (
				D4F077CA286DA1630071AD1F /* BestMoviesApi.app */,
			);
			name = Products;
			sourceTree = "<group>";
		};
		D4F077CC286DA1630071AD1F /* BestMoviesApi */ = {
			isa = PBXGroup;
			children = (
				D4F077CD286DA1630071AD1F /* AppDelegate.swift */,
				D4F077CF286DA1630071AD1F /* SceneDelegate.swift */,
				D4F077E7286DA5FE0071AD1F /* Model */,
				D4F077E5286DA5BD0071AD1F /* Commons */,
				D4F077E4286DA5050071AD1F /* Extensions */,
				D4F077E1286DA45E0071AD1F /* Screens */,
				D4F077D6286DA1640071AD1F /* Assets.xcassets */,
				D4F077D8286DA1640071AD1F /* LaunchScreen.storyboard */,
				D4F077DB286DA1640071AD1F /* Info.plist */,
			);
			path = BestMoviesApi;
			sourceTree = "<group>";
		};
		D4F077E1286DA45E0071AD1F /* Screens */ = {
			isa = PBXGroup;
			children = (
				D4F077E2286DA4890071AD1F /* Home */,
				D4F07802287069AC0071AD1F /* DetailFrame */,
				D47DD189287B32D200B0A5FE /* AllFilms */,
			);
			path = Screens;
			sourceTree = "<group>";
		};
		D4F077E2286DA4890071AD1F /* Home */ = {
			isa = PBXGroup;
			children = (
				D4F077D3286DA1630071AD1F /* Main.storyboard */,
				D4F077D1286DA1630071AD1F /* Main.swift */,
				D4F077EA286DA6DB0071AD1F /* MainVM.swift */,
			);
			path = Home;
			sourceTree = "<group>";
		};
		D4F077E3286DA4F20071AD1F /* Network */ = {
			isa = PBXGroup;
			children = (
				D4F077ED286DAB420071AD1F /* API.swift */,
				D4F07800286E0EDB0071AD1F /* MoveApi5.swift */,
				D4F077F1286DAB590071AD1F /* NetworkManager.swift */,
			);
			path = Network;
			sourceTree = "<group>";
		};
		D4F077E4286DA5050071AD1F /* Extensions */ = {
			isa = PBXGroup;
			children = (
				D4F077F5286DC7730071AD1F /* StoryboardExtension.swift */,
				D4D5828228837250005CE96A /* UIImageView+Extension.swift */,
			);
			path = Extensions;
			sourceTree = "<group>";
		};
		D4F077E5286DA5BD0071AD1F /* Commons */ = {
			isa = PBXGroup;
			children = (
				D4B075A828804E0E007542E1 /* Spinner */,
				D47DD190287B3E5F00B0A5FE /* CellAllFilms */,
				D4025686287074B400D59D64 /* CollectionView */,
				D4F077F7286DF9F30071AD1F /* Cell */,
				D4F077E6286DA5D30071AD1F /* Router */,
				D4F077E3286DA4F20071AD1F /* Network */,
			);
			path = Commons;
			sourceTree = "<group>";
		};
		D4F077E6286DA5D30071AD1F /* Router */ = {
			isa = PBXGroup;
			children = (
				D4F077F3286DC69A0071AD1F /* Router.swift */,
			);
			path = Router;
			sourceTree = "<group>";
		};
		D4F077E7286DA5FE0071AD1F /* Model */ = {
			isa = PBXGroup;
			children = (
				D4F077FE286E0D9C0071AD1F /* ModelMovie.swift */,
			);
			path = Model;
			sourceTree = "<group>";
		};
		D4F077F7286DF9F30071AD1F /* Cell */ = {
			isa = PBXGroup;
			children = (
				D4F077FA286DFA3A0071AD1F /* MovieCell.swift */,
				D4F077FB286DFA3A0071AD1F /* MovieCell.xib */,
			);
			path = Cell;
			sourceTree = "<group>";
		};
		D4F07802287069AC0071AD1F /* DetailFrame */ = {
			isa = PBXGroup;
			children = (
				D43B1D36287356F600FF5D4E /* Detail.storyboard */,
				D43B1D34287356BD00FF5D4E /* DetailVC.swift */,
				D43B1D382873570800FF5D4E /* DetailVM.swift */,
			);
			path = DetailFrame;
			sourceTree = "<group>";
		};
/* End PBXGroup section */

/* Begin PBXNativeTarget section */
		D4F077C9286DA1630071AD1F /* BestMoviesApi */ = {
			isa = PBXNativeTarget;
			buildConfigurationList = D4F077DE286DA1640071AD1F /* Build configuration list for PBXNativeTarget "BestMoviesApi" */;
			buildPhases = (
				D4F077C6286DA1630071AD1F /* Sources */,
				D4F077C7286DA1630071AD1F /* Frameworks */,
				D4F077C8286DA1630071AD1F /* Resources */,
			);
			buildRules = (
			);
			dependencies = (
			);
			name = BestMoviesApi;
			productName = BestMoviesApi;
			productReference = D4F077CA286DA1630071AD1F /* BestMoviesApi.app */;
			productType = "com.apple.product-type.application";
		};
/* End PBXNativeTarget section */

/* Begin PBXProject section */
		D4F077C2286DA1630071AD1F /* Project object */ = {
			isa = PBXProject;
			attributes = {
				BuildIndependentTargetsInParallel = 1;
				LastSwiftUpdateCheck = 1340;
				LastUpgradeCheck = 1340;
				TargetAttributes = {
					D4F077C9286DA1630071AD1F = {
						CreatedOnToolsVersion = 13.4;
					};
				};
			};
			buildConfigurationList = D4F077C5286DA1630071AD1F /* Build configuration list for PBXProject "BestMoviesApi" */;
			compatibilityVersion = "Xcode 13.0";
			developmentRegion = en;
			hasScannedForEncodings = 0;
			knownRegions = (
				en,
				Base,
			);
			mainGroup = D4F077C1286DA1630071AD1F;
			productRefGroup = D4F077CB286DA1630071AD1F /* Products */;
			projectDirPath = "";
			projectRoot = "";
			targets = (
				D4F077C9286DA1630071AD1F /* BestMoviesApi */,
			);
		};
/* End PBXProject section */

/* Begin PBXResourcesBuildPhase section */
		D4F077C8286DA1630071AD1F /* Resources */ = {
			isa = PBXResourcesBuildPhase;
			buildActionMask = 2147483647;
			files = (
				D47DD18F287B333B00B0A5FE /* AllFilms.storyboard in Resources */,
				D402568E28709F0900D59D64 /* MovieCollectionCell.xib in Resources */,
				D4F077DA286DA1640071AD1F /* LaunchScreen.storyboard in Resources */,
				D4F077D7286DA1640071AD1F /* Assets.xcassets in Resources */,
				D4F077FD286DFA3A0071AD1F /* MovieCell.xib in Resources */,
				D47DD194287B3EA400B0A5FE /* AllFilmsCell.xib in Resources */,
				D4F077D5286DA1630071AD1F /* Main.storyboard in Resources */,
				D43B1D37287356F600FF5D4E /* Detail.storyboard in Resources */,
			);
			runOnlyForDeploymentPostprocessing = 0;
		};
/* End PBXResourcesBuildPhase section */

/* Begin PBXSourcesBuildPhase section */
		D4F077C6286DA1630071AD1F /* Sources */ = {
			isa = PBXSourcesBuildPhase;
			buildActionMask = 2147483647;
			files = (
				D4F077EB286DA6DB0071AD1F /* MainVM.swift in Sources */,
				D4F077D2286DA1630071AD1F /* Main.swift in Sources */,
				D47DD18D287B332B00B0A5FE /* AllFilmsVM.swift in Sources */,
				D4F077FC286DFA3A0071AD1F /* MovieCell.swift in Sources */,
				D43B1D392873570800FF5D4E /* DetailVM.swift in Sources */,
				D4F077CE286DA1630071AD1F /* AppDelegate.swift in Sources */,
				D4F077F4286DC69A0071AD1F /* Router.swift in Sources */,
				D4F077FF286E0D9C0071AD1F /* ModelMovie.swift in Sources */,
				D47DD193287B3EA400B0A5FE /* AllFilmsCell.swift in Sources */,
				D4F077F2286DAB590071AD1F /* NetworkManager.swift in Sources */,
				D4F07801286E0EDB0071AD1F /* MoveApi5.swift in Sources */,
				D4B075AA28804E1C007542E1 /* SwiftSpinner.swift in Sources */,
				D4F077EE286DAB420071AD1F /* API.swift in Sources */,
				D402568D28709F0900D59D64 /* MovieCollectionCell.swift in Sources */,
				D4F077F6286DC7730071AD1F /* StoryboardExtension.swift in Sources */,
				D4F077D0286DA1630071AD1F /* SceneDelegate.swift in Sources */,
				D4D5828328837250005CE96A /* UIImageView+Extension.swift in Sources */,
				D47DD18B287B331800B0A5FE /* AllFilmsVC.swift in Sources */,
				D43B1D35287356BD00FF5D4E /* DetailVC.swift in Sources */,
			);
			runOnlyForDeploymentPostprocessing = 0;
		};
/* End PBXSourcesBuildPhase section */

/* Begin PBXVariantGroup section */
		D4F077D3286DA1630071AD1F /* Main.storyboard */ = {
			isa = PBXVariantGroup;
			children = (
				D4F077D4286DA1630071AD1F /* Base */,
			);
			name = Main.storyboard;
			sourceTree = "<group>";
		};
		D4F077D8286DA1640071AD1F /* LaunchScreen.storyboard */ = {
			isa = PBXVariantGroup;
			children = (
				D4F077D9286DA1640071AD1F /* Base */,
			);
			name = LaunchScreen.storyboard;
			sourceTree = "<group>";
		};
/* End PBXVariantGroup section */

/* Begin XCBuildConfiguration section */
		D4F077DC286DA1640071AD1F /* Debug */ = {
			isa = XCBuildConfiguration;
			buildSettings = {
				ALWAYS_SEARCH_USER_PATHS = NO;
				CLANG_ANALYZER_NONNULL = YES;
				CLANG_ANALYZER_NUMBER_OBJECT_CONVERSION = YES_AGGRESSIVE;
				CLANG_CXX_LANGUAGE_STANDARD = "gnu++17";
				CLANG_ENABLE_MODULES = YES;
				CLANG_ENABLE_OBJC_ARC = YES;
				CLANG_ENABLE_OBJC_WEAK = YES;
				CLANG_WARN_BLOCK_CAPTURE_AUTORELEASING = YES;
				CLANG_WARN_BOOL_CONVERSION = YES;
				CLANG_WARN_COMMA = YES;
				CLANG_WARN_CONSTANT_CONVERSION = YES;
				CLANG_WARN_DEPRECATED_OBJC_IMPLEMENTATIONS = YES;
				CLANG_WARN_DIRECT_OBJC_ISA_USAGE = YES_ERROR;
				CLANG_WARN_DOCUMENTATION_COMMENTS = YES;
				CLANG_WARN_EMPTY_BODY = YES;
				CLANG_WARN_ENUM_CONVERSION = YES;
				CLANG_WARN_INFINITE_RECURSION = YES;
				CLANG_WARN_INT_CONVERSION = YES;
				CLANG_WARN_NON_LITERAL_NULL_CONVERSION = YES;
				CLANG_WARN_OBJC_IMPLICIT_RETAIN_SELF = YES;
				CLANG_WARN_OBJC_LITERAL_CONVERSION = YES;
				CLANG_WARN_OBJC_ROOT_CLASS = YES_ERROR;
				CLANG_WARN_QUOTED_INCLUDE_IN_FRAMEWORK_HEADER = YES;
				CLANG_WARN_RANGE_LOOP_ANALYSIS = YES;
				CLANG_WARN_STRICT_PROTOTYPES = YES;
				CLANG_WARN_SUSPICIOUS_MOVE = YES;
				CLANG_WARN_UNGUARDED_AVAILABILITY = YES_AGGRESSIVE;
				CLANG_WARN_UNREACHABLE_CODE = YES;
				CLANG_WARN__DUPLICATE_METHOD_MATCH = YES;
				COPY_PHASE_STRIP = NO;
				DEBUG_INFORMATION_FORMAT = dwarf;
				ENABLE_STRICT_OBJC_MSGSEND = YES;
				ENABLE_TESTABILITY = YES;
				GCC_C_LANGUAGE_STANDARD = gnu11;
				GCC_DYNAMIC_NO_PIC = NO;
				GCC_NO_COMMON_BLOCKS = YES;
				GCC_OPTIMIZATION_LEVEL = 0;
				GCC_PREPROCESSOR_DEFINITIONS = (
					"DEBUG=1",
					"$(inherited)",
				);
				GCC_WARN_64_TO_32_BIT_CONVERSION = YES;
				GCC_WARN_ABOUT_RETURN_TYPE = YES_ERROR;
				GCC_WARN_UNDECLARED_SELECTOR = YES;
				GCC_WARN_UNINITIALIZED_AUTOS = YES_AGGRESSIVE;
				GCC_WARN_UNUSED_FUNCTION = YES;
				GCC_WARN_UNUSED_VARIABLE = YES;
				IPHONEOS_DEPLOYMENT_TARGET = 15.5;
				MTL_ENABLE_DEBUG_INFO = INCLUDE_SOURCE;
				MTL_FAST_MATH = YES;
				ONLY_ACTIVE_ARCH = YES;
				SDKROOT = iphoneos;
				SWIFT_ACTIVE_COMPILATION_CONDITIONS = DEBUG;
				SWIFT_OPTIMIZATION_LEVEL = "-Onone";
			};
			name = Debug;
		};
		D4F077DD286DA1640071AD1F /* Release */ = {
			isa = XCBuildConfiguration;
			buildSettings = {
				ALWAYS_SEARCH_USER_PATHS = NO;
				CLANG_ANALYZER_NONNULL = YES;
				CLANG_ANALYZER_NUMBER_OBJECT_CONVERSION = YES_AGGRESSIVE;
				CLANG_CXX_LANGUAGE_STANDARD = "gnu++17";
				CLANG_ENABLE_MODULES = YES;
				CLANG_ENABLE_OBJC_ARC = YES;
				CLANG_ENABLE_OBJC_WEAK = YES;
				CLANG_WARN_BLOCK_CAPTURE_AUTORELEASING = YES;
				CLANG_WARN_BOOL_CONVERSION = YES;
				CLANG_WARN_COMMA = YES;
				CLANG_WARN_CONSTANT_CONVERSION = YES;
				CLANG_WARN_DEPRECATED_OBJC_IMPLEMENTATIONS = YES;
				CLANG_WARN_DIRECT_OBJC_ISA_USAGE = YES_ERROR;
				CLANG_WARN_DOCUMENTATION_COMMENTS = YES;
				CLANG_WARN_EMPTY_BODY = YES;
				CLANG_WARN_ENUM_CONVERSION = YES;
				CLANG_WARN_INFINITE_RECURSION = YES;
				CLANG_WARN_INT_CONVERSION = YES;
				CLANG_WARN_NON_LITERAL_NULL_CONVERSION = YES;
				CLANG_WARN_OBJC_IMPLICIT_RETAIN_SELF = YES;
				CLANG_WARN_OBJC_LITERAL_CONVERSION = YES;
				CLANG_WARN_OBJC_ROOT_CLASS = YES_ERROR;
				CLANG_WARN_QUOTED_INCLUDE_IN_FRAMEWORK_HEADER = YES;
				CLANG_WARN_RANGE_LOOP_ANALYSIS = YES;
				CLANG_WARN_STRICT_PROTOTYPES = YES;
				CLANG_WARN_SUSPICIOUS_MOVE = YES;
				CLANG_WARN_UNGUARDED_AVAILABILITY = YES_AGGRESSIVE;
				CLANG_WARN_UNREACHABLE_CODE = YES;
				CLANG_WARN__DUPLICATE_METHOD_MATCH = YES;
				COPY_PHASE_STRIP = NO;
				DEBUG_INFORMATION_FORMAT = "dwarf-with-dsym";
				ENABLE_NS_ASSERTIONS = NO;
				ENABLE_STRICT_OBJC_MSGSEND = YES;
				GCC_C_LANGUAGE_STANDARD = gnu11;
				GCC_NO_COMMON_BLOCKS = YES;
				GCC_WARN_64_TO_32_BIT_CONVERSION = YES;
				GCC_WARN_ABOUT_RETURN_TYPE = YES_ERROR;
				GCC_WARN_UNDECLARED_SELECTOR = YES;
				GCC_WARN_UNINITIALIZED_AUTOS = YES_AGGRESSIVE;
				GCC_WARN_UNUSED_FUNCTION = YES;
				GCC_WARN_UNUSED_VARIABLE = YES;
				IPHONEOS_DEPLOYMENT_TARGET = 15.5;
				MTL_ENABLE_DEBUG_INFO = NO;
				MTL_FAST_MATH = YES;
				SDKROOT = iphoneos;
				SWIFT_COMPILATION_MODE = wholemodule;
				SWIFT_OPTIMIZATION_LEVEL = "-O";
				VALIDATE_PRODUCT = YES;
			};
			name = Release;
		};
		D4F077DF286DA1640071AD1F /* Debug */ = {
			isa = XCBuildConfiguration;
			buildSettings = {
				ASSETCATALOG_COMPILER_APPICON_NAME = AppIcon;
				ASSETCATALOG_COMPILER_GLOBAL_ACCENT_COLOR_NAME = AccentColor;
				CODE_SIGN_STYLE = Automatic;
				CURRENT_PROJECT_VERSION = 1;
				DEVELOPMENT_TEAM = ZUBBCB62N3;
				GENERATE_INFOPLIST_FILE = YES;
				INFOPLIST_FILE = BestMoviesApi/Info.plist;
				INFOPLIST_KEY_UIApplicationSupportsIndirectInputEvents = YES;
				INFOPLIST_KEY_UILaunchStoryboardName = LaunchScreen;
				INFOPLIST_KEY_UIMainStoryboardFile = Main;
				INFOPLIST_KEY_UISupportedInterfaceOrientations_iPad = "UIInterfaceOrientationPortrait UIInterfaceOrientationPortraitUpsideDown UIInterfaceOrientationLandscapeLeft UIInterfaceOrientationLandscapeRight";
				INFOPLIST_KEY_UISupportedInterfaceOrientations_iPhone = "UIInterfaceOrientationPortrait UIInterfaceOrientationLandscapeLeft UIInterfaceOrientationLandscapeRight";
				IPHONEOS_DEPLOYMENT_TARGET = 13.0;
				LD_RUNPATH_SEARCH_PATHS = (
					"$(inherited)",
					"@executable_path/Frameworks",
				);
				MARKETING_VERSION = 1.0;
				PRODUCT_BUNDLE_IDENTIFIER = com.salihkir.BestMoviesApi;
				PRODUCT_NAME = "$(TARGET_NAME)";
				SWIFT_EMIT_LOC_STRINGS = YES;
				SWIFT_VERSION = 5.0;
				TARGETED_DEVICE_FAMILY = "1,2";
			};
			name = Debug;
		};
		D4F077E0286DA1640071AD1F /* Release */ = {
			isa = XCBuildConfiguration;
			buildSettings = {
				ASSETCATALOG_COMPILER_APPICON_NAME = AppIcon;
				ASSETCATALOG_COMPILER_GLOBAL_ACCENT_COLOR_NAME = AccentColor;
				CODE_SIGN_STYLE = Automatic;
				CURRENT_PROJECT_VERSION = 1;
				DEVELOPMENT_TEAM = ZUBBCB62N3;
				GENERATE_INFOPLIST_FILE = YES;
				INFOPLIST_FILE = BestMoviesApi/Info.plist;
				INFOPLIST_KEY_UIApplicationSupportsIndirectInputEvents = YES;
				INFOPLIST_KEY_UILaunchStoryboardName = LaunchScreen;
				INFOPLIST_KEY_UIMainStoryboardFile = Main;
				INFOPLIST_KEY_UISupportedInterfaceOrientations_iPad = "UIInterfaceOrientationPortrait UIInterfaceOrientationPortraitUpsideDown UIInterfaceOrientationLandscapeLeft UIInterfaceOrientationLandscapeRight";
				INFOPLIST_KEY_UISupportedInterfaceOrientations_iPhone = "UIInterfaceOrientationPortrait UIInterfaceOrientationLandscapeLeft UIInterfaceOrientationLandscapeRight";
				IPHONEOS_DEPLOYMENT_TARGET = 13.0;
				LD_RUNPATH_SEARCH_PATHS = (
					"$(inherited)",
					"@executable_path/Frameworks",
				);
				MARKETING_VERSION = 1.0;
				PRODUCT_BUNDLE_IDENTIFIER = com.salihkir.BestMoviesApi;
				PRODUCT_NAME = "$(TARGET_NAME)";
				SWIFT_EMIT_LOC_STRINGS = YES;
				SWIFT_VERSION = 5.0;
				TARGETED_DEVICE_FAMILY = "1,2";
			};
			name = Release;
		};
/* End XCBuildConfiguration section */

/* Begin XCConfigurationList section */
		D4F077C5286DA1630071AD1F /* Build configuration list for PBXProject "BestMoviesApi" */ = {
			isa = XCConfigurationList;
			buildConfigurations = (
				D4F077DC286DA1640071AD1F /* Debug */,
				D4F077DD286DA1640071AD1F /* Release */,
			);
			defaultConfigurationIsVisible = 0;
			defaultConfigurationName = Release;
		};
		D4F077DE286DA1640071AD1F /* Build configuration list for PBXNativeTarget "BestMoviesApi" */ = {
			isa = XCConfigurationList;
			buildConfigurations = (
				D4F077DF286DA1640071AD1F /* Debug */,
				D4F077E0286DA1640071AD1F /* Release */,
			);
			defaultConfigurationIsVisible = 0;
			defaultConfigurationName = Release;
		};
/* End XCConfigurationList section */
	};
	rootObject = D4F077C2286DA1630071AD1F /* Project object */;
}
